
Microsoft Visual Studio Solution File, Format Version 12.00
# Visual Studio 2012
VisualStudioVersion = 12.0.30501.0
MinimumVisualStudioVersion = 10.0.40219.1
Project("{FAE04EC0-301F-11D3-BF4B-00C04F79EFBC}") = "EmotIcons", "EmotIcons\EmotIcons.csproj", "{FBA41D6A-1269-49F8-999F-84C08B668F9B}"
EndProject
Project("{FAE04EC0-301F-11D3-BF4B-00C04F79EFBC}") = "EmotIconsLibrary", "EmotIconsLibrary\EmotIconsLibrary.csproj", "{C6D4EFB1-9FDC-4977-8078-7FDA431B5248}"
EndProject
Global
	GlobalSection(SolutionConfigurationPlatforms) = preSolution
		Debug|Any CPU = Debug|Any CPU
		Release|Any CPU = Release|Any CPU
	EndGlobalSection
	GlobalSection(ProjectConfigurationPlatforms) = postSolution
		{C6D4EFB1-9FDC-4977-8078-7FDA431B5248}.Debug|Any CPU.ActiveCfg = Debug|Any CPU
		{C6D4EFB1-9FDC-4977-8078-7FDA431B5248}.Debug|Any CPU.Build.0 = Debug|Any CPU
		{C6D4EFB1-9FDC-4977-8078-7FDA431B5248}.Release|Any CPU.ActiveCfg = Release|Any CPU
		{C6D4EFB1-9FDC-4977-8078-7FDA431B5248}.Release|Any CPU.Build.0 = Release|Any CPU
		{FBA41D6A-1269-49F8-999F-84C08B668F9B}.Debug|Any CPU.ActiveCfg = Debug|Any CPU
		{FBA41D6A-1269-49F8-999F-84C08B668F9B}.Debug|Any CPU.Build.0 = Debug|Any CPU
		{FBA41D6A-1269-49F8-999F-84C08B668F9B}.Debug|Any CPU.Deploy.0 = Debug|Any CPU
		{FBA41D6A-1269-49F8-999F-84C08B668F9B}.Release|Any CPU.ActiveCfg = Release|Any CPU
		{FBA41D6A-1269-49F8-999F-84C08B668F9B}.Release|Any CPU.Build.0 = Release|Any CPU
	EndGlobalSection
	GlobalSection(MonoDevelopProperties) = preSolution
		StartupItem = EmotIcons\EmotIcons.csproj
	EndGlobalSection
	GlobalSection(SolutionProperties) = preSolution
		HideSolutionNode = FALSE
	EndGlobalSection
EndGlobal
